
Microsoft Visual Studio Solution File, Format Version 12.00
# Visual Studio 14
VisualStudioVersion = 14.0.25420.1
MinimumVisualStudioVersion = 10.0.40219.1
Project("{FAE04EC0-301F-11D3-BF4B-00C04F79EFBC}") = "Calculator", "Calculator\Calculator\Calculator.csproj", "{F42E27EC-6692-47F9-928D-AFA8869331BB}"
EndProject
Project("{FAE04EC0-301F-11D3-BF4B-00C04F79EFBC}") = "Calculator.Droid", "Calculator\Calculator.Droid\Calculator.Droid.csproj", "{19A0E1E3-B7BF-41A4-9039-96E4FA8FF2D8}"
EndProject
Project("{FAE04EC0-301F-11D3-BF4B-00C04F79EFBC}") = "Calculator.iOS", "Calculator\Calculator.iOS\Calculator.iOS.csproj", "{6CFDB49D-98A5-4FDD-B256-EB0C95E16EAC}"
EndProject
Project("{FAE04EC0-301F-11D3-BF4B-00C04F79EFBC}") = "Calculator.WinPhone", "Calculator\Calculator.WinPhone\Calculator.WinPhone.csproj", "{B01959CE-6F4E-4DE0-81A6-F1595FED92E1}"
EndProject
Project("{FAE04EC0-301F-11D3-BF4B-00C04F79EFBC}") = "Calculator.Windows", "Calculator\Calculator.Windows\Calculator.Windows.csproj", "{E5C4E647-B3CE-4F90-B136-C77D5B9E7664}"
EndProject
Global
	GlobalSection(SolutionConfigurationPlatforms) = preSolution
		Ad-Hoc|Any CPU = Ad-Hoc|Any CPU
		Ad-Hoc|ARM = Ad-Hoc|ARM
		Ad-Hoc|iPhone = Ad-Hoc|iPhone
		Ad-Hoc|iPhoneSimulator = Ad-Hoc|iPhoneSimulator
		Ad-Hoc|x64 = Ad-Hoc|x64
		Ad-Hoc|x86 = Ad-Hoc|x86
		AppStore|Any CPU = AppStore|Any CPU
		AppStore|ARM = AppStore|ARM
		AppStore|iPhone = AppStore|iPhone
		AppStore|iPhoneSimulator = AppStore|iPhoneSimulator
		AppStore|x64 = AppStore|x64
		AppStore|x86 = AppStore|x86
		Debug|Any CPU = Debug|Any CPU
		Debug|ARM = Debug|ARM
		Debug|iPhone = Debug|iPhone
		Debug|iPhoneSimulator = Debug|iPhoneSimulator
		Debug|x64 = Debug|x64
		Debug|x86 = Debug|x86
		Release|Any CPU = Release|Any CPU
		Release|ARM = Release|ARM
		Release|iPhone = Release|iPhone
		Release|iPhoneSimulator = Release|iPhoneSimulator
		Release|x64 = Release|x64
		Release|x86 = Release|x86
	EndGlobalSection
	GlobalSection(ProjectConfigurationPlatforms) = postSolution
		{F42E27EC-6692-47F9-928D-AFA8869331BB}.Ad-Hoc|Any CPU.ActiveCfg = Release|Any CPU
		{F42E27EC-6692-47F9-928D-AFA8869331BB}.Ad-Hoc|Any CPU.Build.0 = Release|Any CPU
		{F42E27EC-6692-47F9-928D-AFA8869331BB}.Ad-Hoc|ARM.ActiveCfg = Release|Any CPU
		{F42E27EC-6692-47F9-928D-AFA8869331BB}.Ad-Hoc|ARM.Build.0 = Release|Any CPU
		{F42E27EC-6692-47F9-928D-AFA8869331BB}.Ad-Hoc|iPhone.ActiveCfg = Release|Any CPU
		{F42E27EC-6692-47F9-928D-AFA8869331BB}.Ad-Hoc|iPhone.Build.0 = Release|Any CPU
		{F42E27EC-6692-47F9-928D-AFA8869331BB}.Ad-Hoc|iPhoneSimulator.ActiveCfg = Release|Any CPU
		{F42E27EC-6692-47F9-928D-AFA8869331BB}.Ad-Hoc|iPhoneSimulator.Build.0 = Release|Any CPU
		{F42E27EC-6692-47F9-928D-AFA8869331BB}.Ad-Hoc|x64.ActiveCfg = Release|Any CPU
		{F42E27EC-6692-47F9-928D-AFA8869331BB}.Ad-Hoc|x64.Build.0 = Release|Any CPU
		{F42E27EC-6692-47F9-928D-AFA8869331BB}.Ad-Hoc|x86.ActiveCfg = Release|Any CPU
		{F42E27EC-6692-47F9-928D-AFA8869331BB}.Ad-Hoc|x86.Build.0 = Release|Any CPU
		{F42E27EC-6692-47F9-928D-AFA8869331BB}.AppStore|Any CPU.ActiveCfg = Release|Any CPU
		{F42E27EC-6692-47F9-928D-AFA8869331BB}.AppStore|Any CPU.Build.0 = Release|Any CPU
		{F42E27EC-6692-47F9-928D-AFA8869331BB}.AppStore|ARM.ActiveCfg = Release|Any CPU
		{F42E27EC-6692-47F9-928D-AFA8869331BB}.AppStore|ARM.Build.0 = Release|Any CPU
		{F42E27EC-6692-47F9-928D-AFA8869331BB}.AppStore|iPhone.ActiveCfg = Release|Any CPU
		{F42E27EC-6692-47F9-928D-AFA8869331BB}.AppStore|iPhone.Build.0 = Release|Any CPU
		{F42E27EC-6692-47F9-928D-AFA8869331BB}.AppStore|iPhoneSimulator.ActiveCfg = Release|Any CPU
		{F42E27EC-6692-47F9-928D-AFA8869331BB}.AppStore|iPhoneSimulator.Build.0 = Release|Any CPU
		{F42E27EC-6692-47F9-928D-AFA8869331BB}.AppStore|x64.ActiveCfg = Release|Any CPU
		{F42E27EC-6692-47F9-928D-AFA8869331BB}.AppStore|x64.Build.0 = Release|Any CPU
		{F42E27EC-6692-47F9-928D-AFA8869331BB}.AppStore|x86.ActiveCfg = Release|Any CPU
		{F42E27EC-6692-47F9-928D-AFA8869331BB}.AppStore|x86.Build.0 = Release|Any CPU
		{F42E27EC-6692-47F9-928D-AFA8869331BB}.Debug|Any CPU.ActiveCfg = Debug|Any CPU
		{F42E27EC-6692-47F9-928D-AFA8869331BB}.Debug|Any CPU.Build.0 = Debug|Any CPU
		{F42E27EC-6692-47F9-928D-AFA8869331BB}.Debug|ARM.ActiveCfg = Debug|Any CPU
		{F42E27EC-6692-47F9-928D-AFA8869331BB}.Debug|ARM.Build.0 = Debug|Any CPU
		{F42E27EC-6692-47F9-928D-AFA8869331BB}.Debug|iPhone.ActiveCfg = Debug|Any CPU
		{F42E27EC-6692-47F9-928D-AFA8869331BB}.Debug|iPhone.Build.0 = Debug|Any CPU
		{F42E27EC-6692-47F9-928D-AFA8869331BB}.Debug|iPhoneSimulator.ActiveCfg = Debug|Any CPU
		{F42E27EC-6692-47F9-928D-AFA8869331BB}.Debug|iPhoneSimulator.Build.0 = Debug|Any CPU
		{F42E27EC-6692-47F9-928D-AFA8869331BB}.Debug|x64.ActiveCfg = Debug|Any CPU
		{F42E27EC-6692-47F9-928D-AFA8869331BB}.Debug|x64.Build.0 = Debug|Any CPU
		{F42E27EC-6692-47F9-928D-AFA8869331BB}.Debug|x86.ActiveCfg = Debug|Any CPU
		{F42E27EC-6692-47F9-928D-AFA8869331BB}.Debug|x86.Build.0 = Debug|Any CPU
		{F42E27EC-6692-47F9-928D-AFA8869331BB}.Release|Any CPU.ActiveCfg = Release|Any CPU
		{F42E27EC-6692-47F9-928D-AFA8869331BB}.Release|Any CPU.Build.0 = Release|Any CPU
		{F42E27EC-6692-47F9-928D-AFA8869331BB}.Release|ARM.ActiveCfg = Release|Any CPU
		{F42E27EC-6692-47F9-928D-AFA8869331BB}.Release|ARM.Build.0 = Release|Any CPU
		{F42E27EC-6692-47F9-928D-AFA8869331BB}.Release|iPhone.ActiveCfg = Release|Any CPU
		{F42E27EC-6692-47F9-928D-AFA8869331BB}.Release|iPhone.Build.0 = Release|Any CPU
		{F42E27EC-6692-47F9-928D-AFA8869331BB}.Release|iPhoneSimulator.ActiveCfg = Release|Any CPU
		{F42E27EC-6692-47F9-928D-AFA8869331BB}.Release|iPhoneSimulator.Build.0 = Release|Any CPU
		{F42E27EC-6692-47F9-928D-AFA8869331BB}.Release|x64.ActiveCfg = Release|Any CPU
		{F42E27EC-6692-47F9-928D-AFA8869331BB}.Release|x64.Build.0 = Release|Any CPU
		{F42E27EC-6692-47F9-928D-AFA8869331BB}.Release|x86.ActiveCfg = Release|Any CPU
		{F42E27EC-6692-47F9-928D-AFA8869331BB}.Release|x86.Build.0 = Release|Any CPU
		{19A0E1E3-B7BF-41A4-9039-96E4FA8FF2D8}.Ad-Hoc|Any CPU.ActiveCfg = Release|Any CPU
		{19A0E1E3-B7BF-41A4-9039-96E4FA8FF2D8}.Ad-Hoc|Any CPU.Build.0 = Release|Any CPU
		{19A0E1E3-B7BF-41A4-9039-96E4FA8FF2D8}.Ad-Hoc|Any CPU.Deploy.0 = Release|Any CPU
		{19A0E1E3-B7BF-41A4-9039-96E4FA8FF2D8}.Ad-Hoc|ARM.ActiveCfg = Release|Any CPU
		{19A0E1E3-B7BF-41A4-9039-96E4FA8FF2D8}.Ad-Hoc|ARM.Build.0 = Release|Any CPU
		{19A0E1E3-B7BF-41A4-9039-96E4FA8FF2D8}.Ad-Hoc|ARM.Deploy.0 = Release|Any CPU
		{19A0E1E3-B7BF-41A4-9039-96E4FA8FF2D8}.Ad-Hoc|iPhone.ActiveCfg = Release|Any CPU
		{19A0E1E3-B7BF-41A4-9039-96E4FA8FF2D8}.Ad-Hoc|iPhone.Build.0 = Release|Any CPU
		{19A0E1E3-B7BF-41A4-9039-96E4FA8FF2D8}.Ad-Hoc|iPhone.Deploy.0 = Release|Any CPU
		{19A0E1E3-B7BF-41A4-9039-96E4FA8FF2D8}.Ad-Hoc|iPhoneSimulator.ActiveCfg = Release|Any CPU
		{19A0E1E3-B7BF-41A4-9039-96E4FA8FF2D8}.Ad-Hoc|iPhoneSimulator.Build.0 = Release|Any CPU
		{19A0E1E3-B7BF-41A4-9039-96E4FA8FF2D8}.Ad-Hoc|iPhoneSimulator.Deploy.0 = Release|Any CPU
		{19A0E1E3-B7BF-41A4-9039-96E4FA8FF2D8}.Ad-Hoc|x64.ActiveCfg = Release|Any CPU
		{19A0E1E3-B7BF-41A4-9039-96E4FA8FF2D8}.Ad-Hoc|x64.Build.0 = Release|Any CPU
		{19A0E1E3-B7BF-41A4-9039-96E4FA8FF2D8}.Ad-Hoc|x64.Deploy.0 = Release|Any CPU
		{19A0E1E3-B7BF-41A4-9039-96E4FA8FF2D8}.Ad-Hoc|x86.ActiveCfg = Release|Any CPU
		{19A0E1E3-B7BF-41A4-9039-96E4FA8FF2D8}.Ad-Hoc|x86.Build.0 = Release|Any CPU
		{19A0E1E3-B7BF-41A4-9039-96E4FA8FF2D8}.Ad-Hoc|x86.Deploy.0 = Release|Any CPU
		{19A0E1E3-B7BF-41A4-9039-96E4FA8FF2D8}.AppStore|Any CPU.ActiveCfg = Release|Any CPU
		{19A0E1E3-B7BF-41A4-9039-96E4FA8FF2D8}.AppStore|Any CPU.Build.0 = Release|Any CPU
		{19A0E1E3-B7BF-41A4-9039-96E4FA8FF2D8}.AppStore|Any CPU.Deploy.0 = Release|Any CPU
		{19A0E1E3-B7BF-41A4-9039-96E4FA8FF2D8}.AppStore|ARM.ActiveCfg = Release|Any CPU
		{19A0E1E3-B7BF-41A4-9039-96E4FA8FF2D8}.AppStore|ARM.Build.0 = Release|Any CPU
		{19A0E1E3-B7BF-41A4-9039-96E4FA8FF2D8}.AppStore|ARM.Deploy.0 = Release|Any CPU
		{19A0E1E3-B7BF-41A4-9039-96E4FA8FF2D8}.AppStore|iPhone.ActiveCfg = Release|Any CPU
		{19A0E1E3-B7BF-41A4-9039-96E4FA8FF2D8}.AppStore|iPhone.Build.0 = Release|Any CPU
		{19A0E1E3-B7BF-41A4-9039-96E4FA8FF2D8}.AppStore|iPhone.Deploy.0 = Release|Any CPU
		{19A0E1E3-B7BF-41A4-9039-96E4FA8FF2D8}.AppStore|iPhoneSimulator.ActiveCfg = Release|Any CPU
		{19A0E1E3-B7BF-41A4-9039-96E4FA8FF2D8}.AppStore|iPhoneSimulator.Build.0 = Release|Any CPU
		{19A0E1E3-B7BF-41A4-9039-96E4FA8FF2D8}.AppStore|iPhoneSimulator.Deploy.0 = Release|Any CPU
		{19A0E1E3-B7BF-41A4-9039-96E4FA8FF2D8}.AppStore|x64.ActiveCfg = Release|Any CPU
		{19A0E1E3-B7BF-41A4-9039-96E4FA8FF2D8}.AppStore|x64.Build.0 = Release|Any CPU
		{19A0E1E3-B7BF-41A4-9039-96E4FA8FF2D8}.AppStore|x64.Deploy.0 = Release|Any CPU
		{19A0E1E3-B7BF-41A4-9039-96E4FA8FF2D8}.AppStore|x86.ActiveCfg = Release|Any CPU
		{19A0E1E3-B7BF-41A4-9039-96E4FA8FF2D8}.AppStore|x86.Build.0 = Release|Any CPU
		{19A0E1E3-B7BF-41A4-9039-96E4FA8FF2D8}.AppStore|x86.Deploy.0 = Release|Any CPU
		{19A0E1E3-B7BF-41A4-9039-96E4FA8FF2D8}.Debug|Any CPU.ActiveCfg = Debug|Any CPU
		{19A0E1E3-B7BF-41A4-9039-96E4FA8FF2D8}.Debug|Any CPU.Build.0 = Debug|Any CPU
		{19A0E1E3-B7BF-41A4-9039-96E4FA8FF2D8}.Debug|Any CPU.Deploy.0 = Debug|Any CPU
		{19A0E1E3-B7BF-41A4-9039-96E4FA8FF2D8}.Debug|ARM.ActiveCfg = Debug|Any CPU
		{19A0E1E3-B7BF-41A4-9039-96E4FA8FF2D8}.Debug|ARM.Build.0 = Debug|Any CPU
		{19A0E1E3-B7BF-41A4-9039-96E4FA8FF2D8}.Debug|ARM.Deploy.0 = Debug|Any CPU
		{19A0E1E3-B7BF-41A4-9039-96E4FA8FF2D8}.Debug|iPhone.ActiveCfg = Debug|Any CPU
		{19A0E1E3-B7BF-41A4-9039-96E4FA8FF2D8}.Debug|iPhone.Build.0 = Debug|Any CPU
		{19A0E1E3-B7BF-41A4-9039-96E4FA8FF2D8}.Debug|iPhone.Deploy.0 = Debug|Any CPU
		{19A0E1E3-B7BF-41A4-9039-96E4FA8FF2D8}.Debug|iPhoneSimulator.ActiveCfg = Debug|Any CPU
		{19A0E1E3-B7BF-41A4-9039-96E4FA8FF2D8}.Debug|iPhoneSimulator.Build.0 = Debug|Any CPU
		{19A0E1E3-B7BF-41A4-9039-96E4FA8FF2D8}.Debug|iPhoneSimulator.Deploy.0 = Debug|Any CPU
		{19A0E1E3-B7BF-41A4-9039-96E4FA8FF2D8}.Debug|x64.ActiveCfg = Debug|Any CPU
		{19A0E1E3-B7BF-41A4-9039-96E4FA8FF2D8}.Debug|x64.Build.0 = Debug|Any CPU
		{19A0E1E3-B7BF-41A4-9039-96E4FA8FF2D8}.Debug|x64.Deploy.0 = Debug|Any CPU
		{19A0E1E3-B7BF-41A4-9039-96E4FA8FF2D8}.Debug|x86.ActiveCfg = Debug|Any CPU
		{19A0E1E3-B7BF-41A4-9039-96E4FA8FF2D8}.Debug|x86.Build.0 = Debug|Any CPU
		{19A0E1E3-B7BF-41A4-9039-96E4FA8FF2D8}.Debug|x86.Deploy.0 = Debug|Any CPU
		{19A0E1E3-B7BF-41A4-9039-96E4FA8FF2D8}.Release|Any CPU.ActiveCfg = Release|Any CPU
		{19A0E1E3-B7BF-41A4-9039-96E4FA8FF2D8}.Release|Any CPU.Build.0 = Release|Any CPU
		{19A0E1E3-B7BF-41A4-9039-96E4FA8FF2D8}.Release|Any CPU.Deploy.0 = Release|Any CPU
		{19A0E1E3-B7BF-41A4-9039-96E4FA8FF2D8}.Release|ARM.ActiveCfg = Release|Any CPU
		{19A0E1E3-B7BF-41A4-9039-96E4FA8FF2D8}.Release|ARM.Build.0 = Release|Any CPU
		{19A0E1E3-B7BF-41A4-9039-96E4FA8FF2D8}.Release|ARM.Deploy.0 = Release|Any CPU
		{19A0E1E3-B7BF-41A4-9039-96E4FA8FF2D8}.Release|iPhone.ActiveCfg = Release|Any CPU
		{19A0E1E3-B7BF-41A4-9039-96E4FA8FF2D8}.Release|iPhone.Build.0 = Release|Any CPU
		{19A0E1E3-B7BF-41A4-9039-96E4FA8FF2D8}.Release|iPhone.Deploy.0 = Release|Any CPU
		{19A0E1E3-B7BF-41A4-9039-96E4FA8FF2D8}.Release|iPhoneSimulator.ActiveCfg = Release|Any CPU
		{19A0E1E3-B7BF-41A4-9039-96E4FA8FF2D8}.Release|iPhoneSimulator.Build.0 = Release|Any CPU
		{19A0E1E3-B7BF-41A4-9039-96E4FA8FF2D8}.Release|iPhoneSimulator.Deploy.0 = Release|Any CPU
		{19A0E1E3-B7BF-41A4-9039-96E4FA8FF2D8}.Release|x64.ActiveCfg = Release|Any CPU
		{19A0E1E3-B7BF-41A4-9039-96E4FA8FF2D8}.Release|x64.Build.0 = Release|Any CPU
		{19A0E1E3-B7BF-41A4-9039-96E4FA8FF2D8}.Release|x64.Deploy.0 = Release|Any CPU
		{19A0E1E3-B7BF-41A4-9039-96E4FA8FF2D8}.Release|x86.ActiveCfg = Release|Any CPU
		{19A0E1E3-B7BF-41A4-9039-96E4FA8FF2D8}.Release|x86.Build.0 = Release|Any CPU
		{19A0E1E3-B7BF-41A4-9039-96E4FA8FF2D8}.Release|x86.Deploy.0 = Release|Any CPU
		{6CFDB49D-98A5-4FDD-B256-EB0C95E16EAC}.Ad-Hoc|Any CPU.ActiveCfg = Ad-Hoc|iPhone
		{6CFDB49D-98A5-4FDD-B256-EB0C95E16EAC}.Ad-Hoc|ARM.ActiveCfg = Ad-Hoc|iPhone
		{6CFDB49D-98A5-4FDD-B256-EB0C95E16EAC}.Ad-Hoc|iPhone.ActiveCfg = Ad-Hoc|iPhone
		{6CFDB49D-98A5-4FDD-B256-EB0C95E16EAC}.Ad-Hoc|iPhone.Build.0 = Ad-Hoc|iPhone
		{6CFDB49D-98A5-4FDD-B256-EB0C95E16EAC}.Ad-Hoc|iPhoneSimulator.ActiveCfg = Ad-Hoc|iPhoneSimulator
		{6CFDB49D-98A5-4FDD-B256-EB0C95E16EAC}.Ad-Hoc|iPhoneSimulator.Build.0 = Ad-Hoc|iPhoneSimulator
		{6CFDB49D-98A5-4FDD-B256-EB0C95E16EAC}.Ad-Hoc|x64.ActiveCfg = Ad-Hoc|iPhone
		{6CFDB49D-98A5-4FDD-B256-EB0C95E16EAC}.Ad-Hoc|x86.ActiveCfg = Ad-Hoc|iPhone
		{6CFDB49D-98A5-4FDD-B256-EB0C95E16EAC}.AppStore|Any CPU.ActiveCfg = AppStore|iPhone
		{6CFDB49D-98A5-4FDD-B256-EB0C95E16EAC}.AppStore|ARM.ActiveCfg = AppStore|iPhone
		{6CFDB49D-98A5-4FDD-B256-EB0C95E16EAC}.AppStore|iPhone.ActiveCfg = AppStore|iPhone
		{6CFDB49D-98A5-4FDD-B256-EB0C95E16EAC}.AppStore|iPhone.Build.0 = AppStore|iPhone
		{6CFDB49D-98A5-4FDD-B256-EB0C95E16EAC}.AppStore|iPhoneSimulator.ActiveCfg = AppStore|iPhoneSimulator
		{6CFDB49D-98A5-4FDD-B256-EB0C95E16EAC}.AppStore|iPhoneSimulator.Build.0 = AppStore|iPhoneSimulator
		{6CFDB49D-98A5-4FDD-B256-EB0C95E16EAC}.AppStore|x64.ActiveCfg = AppStore|iPhone
		{6CFDB49D-98A5-4FDD-B256-EB0C95E16EAC}.AppStore|x86.ActiveCfg = AppStore|iPhone
		{6CFDB49D-98A5-4FDD-B256-EB0C95E16EAC}.Debug|Any CPU.ActiveCfg = Debug|iPhone
		{6CFDB49D-98A5-4FDD-B256-EB0C95E16EAC}.Debug|ARM.ActiveCfg = Debug|iPhone
		{6CFDB49D-98A5-4FDD-B256-EB0C95E16EAC}.Debug|iPhone.ActiveCfg = Debug|iPhone
		{6CFDB49D-98A5-4FDD-B256-EB0C95E16EAC}.Debug|iPhone.Build.0 = Debug|iPhone
		{6CFDB49D-98A5-4FDD-B256-EB0C95E16EAC}.Debug|iPhoneSimulator.ActiveCfg = Debug|iPhoneSimulator
		{6CFDB49D-98A5-4FDD-B256-EB0C95E16EAC}.Debug|iPhoneSimulator.Build.0 = Debug|iPhoneSimulator
		{6CFDB49D-98A5-4FDD-B256-EB0C95E16EAC}.Debug|x64.ActiveCfg = Debug|iPhone
		{6CFDB49D-98A5-4FDD-B256-EB0C95E16EAC}.Debug|x86.ActiveCfg = Debug|iPhone
		{6CFDB49D-98A5-4FDD-B256-EB0C95E16EAC}.Release|Any CPU.ActiveCfg = Release|iPhone
		{6CFDB49D-98A5-4FDD-B256-EB0C95E16EAC}.Release|ARM.ActiveCfg = Release|iPhone
		{6CFDB49D-98A5-4FDD-B256-EB0C95E16EAC}.Release|iPhone.ActiveCfg = Release|iPhone
		{6CFDB49D-98A5-4FDD-B256-EB0C95E16EAC}.Release|iPhone.Build.0 = Release|iPhone
		{6CFDB49D-98A5-4FDD-B256-EB0C95E16EAC}.Release|iPhoneSimulator.ActiveCfg = Release|iPhoneSimulator
		{6CFDB49D-98A5-4FDD-B256-EB0C95E16EAC}.Release|iPhoneSimulator.Build.0 = Release|iPhoneSimulator
		{6CFDB49D-98A5-4FDD-B256-EB0C95E16EAC}.Release|x64.ActiveCfg = Release|iPhone
		{6CFDB49D-98A5-4FDD-B256-EB0C95E16EAC}.Release|x86.ActiveCfg = Release|iPhone
		{B01959CE-6F4E-4DE0-81A6-F1595FED92E1}.Ad-Hoc|Any CPU.ActiveCfg = Release|Any CPU
		{B01959CE-6F4E-4DE0-81A6-F1595FED92E1}.Ad-Hoc|Any CPU.Build.0 = Release|Any CPU
		{B01959CE-6F4E-4DE0-81A6-F1595FED92E1}.Ad-Hoc|Any CPU.Deploy.0 = Release|Any CPU
		{B01959CE-6F4E-4DE0-81A6-F1595FED92E1}.Ad-Hoc|ARM.ActiveCfg = Release|ARM
		{B01959CE-6F4E-4DE0-81A6-F1595FED92E1}.Ad-Hoc|ARM.Build.0 = Release|ARM
		{B01959CE-6F4E-4DE0-81A6-F1595FED92E1}.Ad-Hoc|ARM.Deploy.0 = Release|ARM
		{B01959CE-6F4E-4DE0-81A6-F1595FED92E1}.Ad-Hoc|iPhone.ActiveCfg = Release|Any CPU
		{B01959CE-6F4E-4DE0-81A6-F1595FED92E1}.Ad-Hoc|iPhone.Build.0 = Release|Any CPU
		{B01959CE-6F4E-4DE0-81A6-F1595FED92E1}.Ad-Hoc|iPhone.Deploy.0 = Release|Any CPU
		{B01959CE-6F4E-4DE0-81A6-F1595FED92E1}.Ad-Hoc|iPhoneSimulator.ActiveCfg = Release|Any CPU
		{B01959CE-6F4E-4DE0-81A6-F1595FED92E1}.Ad-Hoc|iPhoneSimulator.Build.0 = Release|Any CPU
		{B01959CE-6F4E-4DE0-81A6-F1595FED92E1}.Ad-Hoc|iPhoneSimulator.Deploy.0 = Release|Any CPU
		{B01959CE-6F4E-4DE0-81A6-F1595FED92E1}.Ad-Hoc|x64.ActiveCfg = Release|Any CPU
		{B01959CE-6F4E-4DE0-81A6-F1595FED92E1}.Ad-Hoc|x64.Build.0 = Release|Any CPU
		{B01959CE-6F4E-4DE0-81A6-F1595FED92E1}.Ad-Hoc|x64.Deploy.0 = Release|Any CPU
		{B01959CE-6F4E-4DE0-81A6-F1595FED92E1}.Ad-Hoc|x86.ActiveCfg = Release|x86
		{B01959CE-6F4E-4DE0-81A6-F1595FED92E1}.Ad-Hoc|x86.Build.0 = Release|x86
		{B01959CE-6F4E-4DE0-81A6-F1595FED92E1}.Ad-Hoc|x86.Deploy.0 = Release|x86
		{B01959CE-6F4E-4DE0-81A6-F1595FED92E1}.AppStore|Any CPU.ActiveCfg = Release|Any CPU
		{B01959CE-6F4E-4DE0-81A6-F1595FED92E1}.AppStore|Any CPU.Build.0 = Release|Any CPU
		{B01959CE-6F4E-4DE0-81A6-F1595FED92E1}.AppStore|Any CPU.Deploy.0 = Release|Any CPU
		{B01959CE-6F4E-4DE0-81A6-F1595FED92E1}.AppStore|ARM.ActiveCfg = Release|ARM
		{B01959CE-6F4E-4DE0-81A6-F1595FED92E1}.AppStore|ARM.Build.0 = Release|ARM
		{B01959CE-6F4E-4DE0-81A6-F1595FED92E1}.AppStore|ARM.Deploy.0 = Release|ARM
		{B01959CE-6F4E-4DE0-81A6-F1595FED92E1}.AppStore|iPhone.ActiveCfg = Release|Any CPU
		{B01959CE-6F4E-4DE0-81A6-F1595FED92E1}.AppStore|iPhone.Build.0 = Release|Any CPU
		{B01959CE-6F4E-4DE0-81A6-F1595FED92E1}.AppStore|iPhone.Deploy.0 = Release|Any CPU
		{B01959CE-6F4E-4DE0-81A6-F1595FED92E1}.AppStore|iPhoneSimulator.ActiveCfg = Release|Any CPU
		{B01959CE-6F4E-4DE0-81A6-F1595FED92E1}.AppStore|iPhoneSimulator.Build.0 = Release|Any CPU
		{B01959CE-6F4E-4DE0-81A6-F1595FED92E1}.AppStore|iPhoneSimulator.Deploy.0 = Release|Any CPU
		{B01959CE-6F4E-4DE0-81A6-F1595FED92E1}.AppStore|x64.ActiveCfg = Release|Any CPU
		{B01959CE-6F4E-4DE0-81A6-F1595FED92E1}.AppStore|x64.Build.0 = Release|Any CPU
		{B01959CE-6F4E-4DE0-81A6-F1595FED92E1}.AppStore|x64.Deploy.0 = Release|Any CPU
		{B01959CE-6F4E-4DE0-81A6-F1595FED92E1}.AppStore|x86.ActiveCfg = Release|x86
		{B01959CE-6F4E-4DE0-81A6-F1595FED92E1}.AppStore|x86.Build.0 = Release|x86
		{B01959CE-6F4E-4DE0-81A6-F1595FED92E1}.AppStore|x86.Deploy.0 = Release|x86
		{B01959CE-6F4E-4DE0-81A6-F1595FED92E1}.Debug|Any CPU.ActiveCfg = Debug|Any CPU
		{B01959CE-6F4E-4DE0-81A6-F1595FED92E1}.Debug|Any CPU.Build.0 = Debug|Any CPU
		{B01959CE-6F4E-4DE0-81A6-F1595FED92E1}.Debug|Any CPU.Deploy.0 = Debug|Any CPU
		{B01959CE-6F4E-4DE0-81A6-F1595FED92E1}.Debug|ARM.ActiveCfg = Debug|ARM
		{B01959CE-6F4E-4DE0-81A6-F1595FED92E1}.Debug|ARM.Build.0 = Debug|ARM
		{B01959CE-6F4E-4DE0-81A6-F1595FED92E1}.Debug|ARM.Deploy.0 = Debug|ARM
		{B01959CE-6F4E-4DE0-81A6-F1595FED92E1}.Debug|iPhone.ActiveCfg = Debug|Any CPU
		{B01959CE-6F4E-4DE0-81A6-F1595FED92E1}.Debug|iPhone.Build.0 = Debug|Any CPU
		{B01959CE-6F4E-4DE0-81A6-F1595FED92E1}.Debug|iPhone.Deploy.0 = Debug|Any CPU
		{B01959CE-6F4E-4DE0-81A6-F1595FED92E1}.Debug|iPhoneSimulator.ActiveCfg = Debug|Any CPU
		{B01959CE-6F4E-4DE0-81A6-F1595FED92E1}.Debug|iPhoneSimulator.Build.0 = Debug|Any CPU
		{B01959CE-6F4E-4DE0-81A6-F1595FED92E1}.Debug|iPhoneSimulator.Deploy.0 = Debug|Any CPU
		{B01959CE-6F4E-4DE0-81A6-F1595FED92E1}.Debug|x64.ActiveCfg = Debug|Any CPU
		{B01959CE-6F4E-4DE0-81A6-F1595FED92E1}.Debug|x64.Build.0 = Debug|Any CPU
		{B01959CE-6F4E-4DE0-81A6-F1595FED92E1}.Debug|x64.Deploy.0 = Debug|Any CPU
		{B01959CE-6F4E-4DE0-81A6-F1595FED92E1}.Debug|x86.ActiveCfg = Debug|x86
		{B01959CE-6F4E-4DE0-81A6-F1595FED92E1}.Debug|x86.Build.0 = Debug|x86
		{B01959CE-6F4E-4DE0-81A6-F1595FED92E1}.Debug|x86.Deploy.0 = Debug|x86
		{B01959CE-6F4E-4DE0-81A6-F1595FED92E1}.Release|Any CPU.ActiveCfg = Release|Any CPU
		{B01959CE-6F4E-4DE0-81A6-F1595FED92E1}.Release|Any CPU.Build.0 = Release|Any CPU
		{B01959CE-6F4E-4DE0-81A6-F1595FED92E1}.Release|Any CPU.Deploy.0 = Release|Any CPU
		{B01959CE-6F4E-4DE0-81A6-F1595FED92E1}.Release|ARM.ActiveCfg = Release|ARM
		{B01959CE-6F4E-4DE0-81A6-F1595FED92E1}.Release|ARM.Build.0 = Release|ARM
		{B01959CE-6F4E-4DE0-81A6-F1595FED92E1}.Release|ARM.Deploy.0 = Release|ARM
		{B01959CE-6F4E-4DE0-81A6-F1595FED92E1}.Release|iPhone.ActiveCfg = Release|Any CPU
		{B01959CE-6F4E-4DE0-81A6-F1595FED92E1}.Release|iPhone.Build.0 = Release|Any CPU
		{B01959CE-6F4E-4DE0-81A6-F1595FED92E1}.Release|iPhone.Deploy.0 = Release|Any CPU
		{B01959CE-6F4E-4DE0-81A6-F1595FED92E1}.Release|iPhoneSimulator.ActiveCfg = Release|Any CPU
		{B01959CE-6F4E-4DE0-81A6-F1595FED92E1}.Release|iPhoneSimulator.Build.0 = Release|Any CPU
		{B01959CE-6F4E-4DE0-81A6-F1595FED92E1}.Release|iPhoneSimulator.Deploy.0 = Release|Any CPU
		{B01959CE-6F4E-4DE0-81A6-F1595FED92E1}.Release|x64.ActiveCfg = Release|Any CPU
		{B01959CE-6F4E-4DE0-81A6-F1595FED92E1}.Release|x64.Build.0 = Release|Any CPU
		{B01959CE-6F4E-4DE0-81A6-F1595FED92E1}.Release|x64.Deploy.0 = Release|Any CPU
		{B01959CE-6F4E-4DE0-81A6-F1595FED92E1}.Release|x86.ActiveCfg = Release|x86
		{B01959CE-6F4E-4DE0-81A6-F1595FED92E1}.Release|x86.Build.0 = Release|x86
		{B01959CE-6F4E-4DE0-81A6-F1595FED92E1}.Release|x86.Deploy.0 = Release|x86
		{E5C4E647-B3CE-4F90-B136-C77D5B9E7664}.Ad-Hoc|Any CPU.ActiveCfg = Release|Any CPU
		{E5C4E647-B3CE-4F90-B136-C77D5B9E7664}.Ad-Hoc|Any CPU.Build.0 = Release|Any CPU
		{E5C4E647-B3CE-4F90-B136-C77D5B9E7664}.Ad-Hoc|Any CPU.Deploy.0 = Release|Any CPU
		{E5C4E647-B3CE-4F90-B136-C77D5B9E7664}.Ad-Hoc|ARM.ActiveCfg = Release|ARM
		{E5C4E647-B3CE-4F90-B136-C77D5B9E7664}.Ad-Hoc|ARM.Build.0 = Release|ARM
		{E5C4E647-B3CE-4F90-B136-C77D5B9E7664}.Ad-Hoc|ARM.Deploy.0 = Release|ARM
		{E5C4E647-B3CE-4F90-B136-C77D5B9E7664}.Ad-Hoc|iPhone.ActiveCfg = Release|Any CPU
		{E5C4E647-B3CE-4F90-B136-C77D5B9E7664}.Ad-Hoc|iPhone.Build.0 = Release|Any CPU
		{E5C4E647-B3CE-4F90-B136-C77D5B9E7664}.Ad-Hoc|iPhone.Deploy.0 = Release|Any CPU
		{E5C4E647-B3CE-4F90-B136-C77D5B9E7664}.Ad-Hoc|iPhoneSimulator.ActiveCfg = Release|Any CPU
		{E5C4E647-B3CE-4F90-B136-C77D5B9E7664}.Ad-Hoc|iPhoneSimulator.Build.0 = Release|Any CPU
		{E5C4E647-B3CE-4F90-B136-C77D5B9E7664}.Ad-Hoc|iPhoneSimulator.Deploy.0 = Release|Any CPU
		{E5C4E647-B3CE-4F90-B136-C77D5B9E7664}.Ad-Hoc|x64.ActiveCfg = Release|x64
		{E5C4E647-B3CE-4F90-B136-C77D5B9E7664}.Ad-Hoc|x64.Build.0 = Release|x64
		{E5C4E647-B3CE-4F90-B136-C77D5B9E7664}.Ad-Hoc|x64.Deploy.0 = Release|x64
		{E5C4E647-B3CE-4F90-B136-C77D5B9E7664}.Ad-Hoc|x86.ActiveCfg = Release|x86
		{E5C4E647-B3CE-4F90-B136-C77D5B9E7664}.Ad-Hoc|x86.Build.0 = Release|x86
		{E5C4E647-B3CE-4F90-B136-C77D5B9E7664}.Ad-Hoc|x86.Deploy.0 = Release|x86
		{E5C4E647-B3CE-4F90-B136-C77D5B9E7664}.AppStore|Any CPU.ActiveCfg = Release|Any CPU
		{E5C4E647-B3CE-4F90-B136-C77D5B9E7664}.AppStore|Any CPU.Build.0 = Release|Any CPU
		{E5C4E647-B3CE-4F90-B136-C77D5B9E7664}.AppStore|Any CPU.Deploy.0 = Release|Any CPU
		{E5C4E647-B3CE-4F90-B136-C77D5B9E7664}.AppStore|ARM.ActiveCfg = Release|ARM
		{E5C4E647-B3CE-4F90-B136-C77D5B9E7664}.AppStore|ARM.Build.0 = Release|ARM
		{E5C4E647-B3CE-4F90-B136-C77D5B9E7664}.AppStore|ARM.Deploy.0 = Release|ARM
		{E5C4E647-B3CE-4F90-B136-C77D5B9E7664}.AppStore|iPhone.ActiveCfg = Release|Any CPU
		{E5C4E647-B3CE-4F90-B136-C77D5B9E7664}.AppStore|iPhone.Build.0 = Release|Any CPU
		{E5C4E647-B3CE-4F90-B136-C77D5B9E7664}.AppStore|iPhone.Deploy.0 = Release|Any CPU
		{E5C4E647-B3CE-4F90-B136-C77D5B9E7664}.AppStore|iPhoneSimulator.ActiveCfg = Release|Any CPU
		{E5C4E647-B3CE-4F90-B136-C77D5B9E7664}.AppStore|iPhoneSimulator.Build.0 = Release|Any CPU
		{E5C4E647-B3CE-4F90-B136-C77D5B9E7664}.AppStore|iPhoneSimulator.Deploy.0 = Release|Any CPU
		{E5C4E647-B3CE-4F90-B136-C77D5B9E7664}.AppStore|x64.ActiveCfg = Release|x64
		{E5C4E647-B3CE-4F90-B136-C77D5B9E7664}.AppStore|x64.Build.0 = Release|x64
		{E5C4E647-B3CE-4F90-B136-C77D5B9E7664}.AppStore|x64.Deploy.0 = Release|x64
		{E5C4E647-B3CE-4F90-B136-C77D5B9E7664}.AppStore|x86.ActiveCfg = Release|x86
		{E5C4E647-B3CE-4F90-B136-C77D5B9E7664}.AppStore|x86.Build.0 = Release|x86
		{E5C4E647-B3CE-4F90-B136-C77D5B9E7664}.AppStore|x86.Deploy.0 = Release|x86
		{E5C4E647-B3CE-4F90-B136-C77D5B9E7664}.Debug|Any CPU.ActiveCfg = Debug|Any CPU
		{E5C4E647-B3CE-4F90-B136-C77D5B9E7664}.Debug|Any CPU.Build.0 = Debug|Any CPU
		{E5C4E647-B3CE-4F90-B136-C77D5B9E7664}.Debug|Any CPU.Deploy.0 = Debug|Any CPU
		{E5C4E647-B3CE-4F90-B136-C77D5B9E7664}.Debug|ARM.ActiveCfg = Debug|ARM
		{E5C4E647-B3CE-4F90-B136-C77D5B9E7664}.Debug|ARM.Build.0 = Debug|ARM
		{E5C4E647-B3CE-4F90-B136-C77D5B9E7664}.Debug|ARM.Deploy.0 = Debug|ARM
		{E5C4E647-B3CE-4F90-B136-C77D5B9E7664}.Debug|iPhone.ActiveCfg = Debug|Any CPU
		{E5C4E647-B3CE-4F90-B136-C77D5B9E7664}.Debug|iPhone.Build.0 = Debug|Any CPU
		{E5C4E647-B3CE-4F90-B136-C77D5B9E7664}.Debug|iPhone.Deploy.0 = Debug|Any CPU
		{E5C4E647-B3CE-4F90-B136-C77D5B9E7664}.Debug|iPhoneSimulator.ActiveCfg = Debug|Any CPU
		{E5C4E647-B3CE-4F90-B136-C77D5B9E7664}.Debug|iPhoneSimulator.Build.0 = Debug|Any CPU
		{E5C4E647-B3CE-4F90-B136-C77D5B9E7664}.Debug|iPhoneSimulator.Deploy.0 = Debug|Any CPU
		{E5C4E647-B3CE-4F90-B136-C77D5B9E7664}.Debug|x64.ActiveCfg = Debug|x64
		{E5C4E647-B3CE-4F90-B136-C77D5B9E7664}.Debug|x64.Build.0 = Debug|x64
		{E5C4E647-B3CE-4F90-B136-C77D5B9E7664}.Debug|x64.Deploy.0 = Debug|x64
		{E5C4E647-B3CE-4F90-B136-C77D5B9E7664}.Debug|x86.ActiveCfg = Debug|x86
		{E5C4E647-B3CE-4F90-B136-C77D5B9E7664}.Debug|x86.Build.0 = Debug|x86
		{E5C4E647-B3CE-4F90-B136-C77D5B9E7664}.Debug|x86.Deploy.0 = Debug|x86
		{E5C4E647-B3CE-4F90-B136-C77D5B9E7664}.Release|Any CPU.ActiveCfg = Release|Any CPU
		{E5C4E647-B3CE-4F90-B136-C77D5B9E7664}.Release|Any CPU.Build.0 = Release|Any CPU
		{E5C4E647-B3CE-4F90-B136-C77D5B9E7664}.Release|Any CPU.Deploy.0 = Release|Any CPU
		{E5C4E647-B3CE-4F90-B136-C77D5B9E7664}.Release|ARM.ActiveCfg = Release|ARM
		{E5C4E647-B3CE-4F90-B136-C77D5B9E7664}.Release|ARM.Build.0 = Release|ARM
		{E5C4E647-B3CE-4F90-B136-C77D5B9E7664}.Release|ARM.Deploy.0 = Release|ARM
		{E5C4E647-B3CE-4F90-B136-C77D5B9E7664}.Release|iPhone.ActiveCfg = Release|Any CPU
		{E5C4E647-B3CE-4F90-B136-C77D5B9E7664}.Release|iPhone.Build.0 = Release|Any CPU
		{E5C4E647-B3CE-4F90-B136-C77D5B9E7664}.Release|iPhone.Deploy.0 = Release|Any CPU
		{E5C4E647-B3CE-4F90-B136-C77D5B9E7664}.Release|iPhoneSimulator.ActiveCfg = Release|Any CPU
		{E5C4E647-B3CE-4F90-B136-C77D5B9E7664}.Release|iPhoneSimulator.Build.0 = Release|Any CPU
		{E5C4E647-B3CE-4F90-B136-C77D5B9E7664}.Release|iPhoneSimulator.Deploy.0 = Release|Any CPU
		{E5C4E647-B3CE-4F90-B136-C77D5B9E7664}.Release|x64.ActiveCfg = Release|x64
		{E5C4E647-B3CE-4F90-B136-C77D5B9E7664}.Release|x64.Build.0 = Release|x64
		{E5C4E647-B3CE-4F90-B136-C77D5B9E7664}.Release|x64.Deploy.0 = Release|x64
		{E5C4E647-B3CE-4F90-B136-C77D5B9E7664}.Release|x86.ActiveCfg = Release|x86
		{E5C4E647-B3CE-4F90-B136-C77D5B9E7664}.Release|x86.Build.0 = Release|x86
		{E5C4E647-B3CE-4F90-B136-C77D5B9E7664}.Release|x86.Deploy.0 = Release|x86
	EndGlobalSection
	GlobalSection(SolutionProperties) = preSolution
		HideSolutionNode = FALSE
	EndGlobalSection
EndGlobal
